<?xml version="1.0" encoding="utf-8"?>
<Project ToolsVersion="4.0" xmlns="http://schemas.microsoft.com/developer/msbuild/2003">
  <ItemGroup>
    <Filter Include="Source Files">
      <UniqueIdentifier>{2264451B-2FE8-4947-840F-1ACF18F52E57}</UniqueIdentifier>
      <Extensions>cpp;c;cc;cxx;def;odl;idl;hpj;bat;asm;asmx</Extensions>
    </Filter>
    <Filter Include="Header Files">
      <UniqueIdentifier>{DFF83916-5A86-402E-B072-6802A8722EA0}</UniqueIdentifier>
      <Extensions>h;hh;hpp;hxx;hm;inl;inc;ipp;xsd</Extensions>
    </Filter>
    <Filter Include="Resource Files">
      <UniqueIdentifier>{60114780-B0C0-4D79-826C-6659354FAFE9}</UniqueIdentifier>
      <Extensions>rc;ico;cur;bmp;dlg;rc2;rct;bin;rgs;gif;jpg;jpeg;jpe;resx;tiff;tif;png;wav;mfcribbon-ms</Extensions>
    </Filter>
    <Filter Include="Third Party Files">
      <UniqueIdentifier>{3F1DB4C9-FE81-4673-A402-7B542D9C3571}</UniqueIdentifier>
    </Filter>
  </ItemGroup>
  <ItemGroup>
    <ClCompile Include="MoosiacRN.cpp">
      <Filter>Source Files</Filter>
    </ClCompile>
    <ClCompile Include="WindowsPlayhead.cpp">
      <Filter>Source Files</Filter>
    </ClCompile>
    <ClCompile Include="AutolinkedNativeModules.g.cpp">
      <Filter>Source Files</Filter>
    </ClCompile>
    <ClCompile Include="$(BuildingBlocksRNWindowsDir)WebAuthModule.cpp">
      <Filter>Source Files</Filter>
    </ClCompile>
    <ClCompile Include="$(ComponentsRNWindowsDir)MoosiacNativeSlider.cpp">
      <Filter>Source Files</Filter>
    </ClCompile>
    <ClCompile Include="$(WindowsCanvasRNDir)WindowsCanvas.cpp">
      <Filter>Source Files</Filter>
    </ClCompile>
    <ClCompile Include="FilePickerModule.cpp">
      <Filter>Source Files</Filter>
    </ClCompile>
    <ClCompile Include="FileSystemModule.cpp">
      <Filter>Source Files</Filter>
    </ClCompile>
    <ClCompile Include="MenuBridgeModule.cpp">
      <Filter>Source Files</Filter>
    </ClCompile>
    <ClCompile Include="PrintModule.cpp">
      <Filter>Source Files</Filter>
    </ClCompile>
    <ClCompile Include="SynthModule.cpp">
      <Filter>Source Files</Filter>
    </ClCompile>
    <ClCompile Include="WindowManagerModule.cpp">
      <Filter>Source Files</Filter>
    </ClCompile>
    <ClCompile Include="WindowTitleModule.cpp">
      <Filter>Source Files</Filter>
    </ClCompile>
    <ClCompile Include="pch.cpp">
      <Filter>Source Files</Filter>
    </ClCompile>
  </ItemGroup>
  <ItemGroup>
    <ClInclude Include="MoosiacRN.h">
      <Filter>Header Files</Filter>
    </ClInclude>
    <ClInclude Include="resource.h">
      <Filter>Header Files</Filter>
    </ClInclude>
    <ClInclude Include="AutolinkedNativeModules.g.h">
      <Filter>Header Files</Filter>
    </ClInclude>
    <ClInclude Include="$(BuildingBlocksRNWindowsDir)WebAuthModule.h">
      <Filter>Header Files</Filter>
    </ClInclude>
    <ClInclude Include="$(BuildingBlocksRNWindowsDir)FileSystemUtils.h">
      <Filter>Header Files</Filter>
    </ClInclude>
    <ClInclude Include="$(ComponentsRNWindowsDir)MoosiacNativeSlider.h">
      <Filter>Header Files</Filter>
    </ClInclude>
    <ClInclude Include="$(WindowsCanvasRNDir)WindowsCanvas.h">
      <Filter>Header Files</Filter>
    </ClInclude>
    <ClInclude Include="$(WindowsCanvasRNDir)PictureFormat.h">
      <Filter>Header Files</Filter>
    </ClInclude>
    <ClInclude Include="FilePickerModule.h">
      <Filter>Header Files</Filter>
    </ClInclude>
    <ClInclude Include="FileSystemModule.h">
      <Filter>Header Files</Filter>
    </ClInclude>
    <ClInclude Include="MenuBridgeModule.h">
      <Filter>Header Files</Filter>
    </ClInclude>
    <ClInclude Include="PrintModule.h">
      <Filter>Header Files</Filter>
    </ClInclude>
    <ClInclude Include="SynthModule.h">
      <Filter>Header Files</Filter>
    </ClInclude>
    <ClInclude Include="WindowsPlayhead.h">
      <Filter>Header Files</Filter>
    </ClInclude>
    <ClInclude Include="WindowManagerModule.h">
      <Filter>Header Files</Filter>
    </ClInclude>
    <ClInclude Include="WindowTitleModule.h">
      <Filter>Header Files</Filter>
    </ClInclude>
    <ClInclude Include="pch.h">
      <Filter>Header Files</Filter>
    </ClInclude>
    <ClInclude Include="targetver.h">
      <Filter>Header Files</Filter>
    </ClInclude>
  </ItemGroup>
  <ItemGroup>
    <ResourceCompile Include="MoosiacRN.rc">
      <Filter>Resource Files</Filter>
    </ResourceCompile>
  </ItemGroup>
  <ItemGroup>
    <Image Include="MoosiacRN.ico">
      <Filter>Resource Files</Filter>
    </Image>
  </ItemGroup>
  <ItemGroup>
    <None Include="third_party\tsf.h">
      <Filter>Third Party Files</Filter>
    </None>
    <None Include="third_party\stb_vorbis.c">
      <Filter>Third Party Files</Filter>
    </None>
  </ItemGroup>
</Project>
